
Microsoft Visual Studio Solution File, Format Version 12.00
# Visual Studio Version 17
VisualStudioVersion = 17.10.35122.118
MinimumVisualStudioVersion = 10.0.40219.1
Project("{FAE04EC0-301F-11D3-BF4B-00C04F79EFBC}") = "PridefulPepperFlag", "PridefulPepperFlag.csproj", "{CEF7010A-D2A6-46A5-BD81-B80006A14FF9}"
EndProject
Global
	GlobalSection(SolutionConfigurationPlatforms) = preSolution
		Debug|Any CPU = Debug|Any CPU
		Release|Any CPU = Release|Any CPU
	EndGlobalSection
	GlobalSection(ProjectConfigurationPlatforms) = postSolution
		{CEF7010A-D2A6-46A5-BD81-B80006A14FF9}.Debug|Any CPU.ActiveCfg = Debug|Any CPU
		{CEF7010A-D2A6-46A5-BD81-B80006A14FF9}.Debug|Any CPU.Build.0 = Debug|Any CPU
		{CEF7010A-D2A6-46A5-BD81-B80006A14FF9}.Release|Any CPU.ActiveCfg = Release|Any CPU
		{CEF7010A-D2A6-46A5-BD81-B80006A14FF9}.Release|Any CPU.Build.0 = Release|Any CPU
	EndGlobalSection
	GlobalSection(SolutionProperties) = preSolution
		HideSolutionNode = FALSE
	EndGlobalSection
	GlobalSection(ExtensibilityGlobals) = postSolution
		SolutionGuid = {D66A8626-29B6-4ACF-864A-707F32426933}
	EndGlobalSection
EndGlobal
